
Microsoft Visual Studio Solution File, Format Version 12.00
# Visual Studio Version 17
VisualStudioVersion = 17.9.34723.18
MinimumVisualStudioVersion = 10.0.40219.1
Project("{FAE04EC0-301F-11D3-BF4B-00C04F79EFBC}") = "TechTitans", "TechTitans\TechTitans.csproj", "{29F15AA2-793A-43C6-B33B-D32F76EE30DC}"
EndProject
Global
	GlobalSection(SolutionConfigurationPlatforms) = preSolution
		Debug|Any CPU = Debug|Any CPU
		Release|Any CPU = Release|Any CPU
	EndGlobalSection
	GlobalSection(ProjectConfigurationPlatforms) = postSolution
		{29F15AA2-793A-43C6-B33B-D32F76EE30DC}.Debug|Any CPU.ActiveCfg = Debug|Any CPU
		{29F15AA2-793A-43C6-B33B-D32F76EE30DC}.Debug|Any CPU.Build.0 = Debug|Any CPU
		{29F15AA2-793A-43C6-B33B-D32F76EE30DC}.Debug|Any CPU.Deploy.0 = Debug|Any CPU
		{29F15AA2-793A-43C6-B33B-D32F76EE30DC}.Release|Any CPU.ActiveCfg = Release|Any CPU
		{29F15AA2-793A-43C6-B33B-D32F76EE30DC}.Release|Any CPU.Build.0 = Release|Any CPU
		{29F15AA2-793A-43C6-B33B-D32F76EE30DC}.Release|Any CPU.Deploy.0 = Release|Any CPU
	EndGlobalSection
	GlobalSection(SolutionProperties) = preSolution
		HideSolutionNode = FALSE
	EndGlobalSection
	GlobalSection(ExtensibilityGlobals) = postSolution
		SolutionGuid = {C9BAC62F-2D93-42E0-9570-F6FC08EBCAB7}
	EndGlobalSection
EndGlobal
